
Microsoft Visual Studio Solution File, Format Version 12.00
# Visual Studio Version 17
VisualStudioVersion = 17.2.32602.215
MinimumVisualStudioVersion = 10.0.40219.1
Project("{FAE04EC0-301F-11D3-BF4B-00C04F79EFBC}") = "SignalRChat", "SignalRChat\SignalRChat.csproj", "{D8D11BDE-3389-4EBF-BE70-D6AE79811743}"
EndProject
Global
	GlobalSection(SolutionConfigurationPlatforms) = preSolution
		Debug|Any CPU = Debug|Any CPU
		Release|Any CPU = Release|Any CPU
	EndGlobalSection
	GlobalSection(ProjectConfigurationPlatforms) = postSolution
		{D8D11BDE-3389-4EBF-BE70-D6AE79811743}.Debug|Any CPU.ActiveCfg = Debug|Any CPU
		{D8D11BDE-3389-4EBF-BE70-D6AE79811743}.Debug|Any CPU.Build.0 = Debug|Any CPU
		{D8D11BDE-3389-4EBF-BE70-D6AE79811743}.Release|Any CPU.ActiveCfg = Release|Any CPU
		{D8D11BDE-3389-4EBF-BE70-D6AE79811743}.Release|Any CPU.Build.0 = Release|Any CPU
	EndGlobalSection
	GlobalSection(SolutionProperties) = preSolution
		HideSolutionNode = FALSE
	EndGlobalSection
	GlobalSection(ExtensibilityGlobals) = postSolution
		SolutionGuid = {4EE28C03-23C1-4670-9410-345619277C10}
	EndGlobalSection
EndGlobal
